// !$*UTF8*$!
{
	archiveVersion = 1;
	classes = {
	};
	objectVersion = 50;
	objects = {

/* Begin PBXBuildFile section */
		F3699EC823B1D43D0016353B /* AppDelegate.swift in Sources */ = {isa = PBXBuildFile; fileRef = F3699EC723B1D43D0016353B /* AppDelegate.swift */; };
		F3699ECA23B1D43D0016353B /* SceneDelegate.swift in Sources */ = {isa = PBXBuildFile; fileRef = F3699EC923B1D43D0016353B /* SceneDelegate.swift */; };
		F3699ECC23B1D43D0016353B /* ViewController.swift in Sources */ = {isa = PBXBuildFile; fileRef = F3699ECB23B1D43D0016353B /* ViewController.swift */; };
		F3699ECF23B1D43D0016353B /* Main.storyboard in Resources */ = {isa = PBXBuildFile; fileRef = F3699ECD23B1D43D0016353B /* Main.storyboard */; };
		F3699ED223B1D43D0016353B /* SpeakShuffleNumber_Swift.xcdatamodeld in Sources */ = {isa = PBXBuildFile; fileRef = F3699ED023B1D43D0016353B /* SpeakShuffleNumber_Swift.xcdatamodeld */; };
		F3699ED423B1D4400016353B /* Assets.xcassets in Resources */ = {isa = PBXBuildFile; fileRef = F3699ED323B1D4400016353B /* Assets.xcassets */; };
		F3699ED723B1D4400016353B /* LaunchScreen.storyboard in Resources */ = {isa = PBXBuildFile; fileRef = F3699ED523B1D4400016353B /* LaunchScreen.storyboard */; };
/* End PBXBuildFile section */

/* Begin PBXFileReference section */
		F3699EC423B1D43D0016353B /* SpeakShuffleNumber-Swift.app */ = {isa = PBXFileReference; explicitFileType = wrapper.application; includeInIndex = 0; path = "SpeakShuffleNumber-Swift.app"; sourceTree = BUILT_PRODUCTS_DIR; };
		F3699EC723B1D43D0016353B /* AppDelegate.swift */ = {isa = PBXFileReference; lastKnownFileType = sourcecode.swift; path = AppDelegate.swift; sourceTree = "<group>"; };
		F3699EC923B1D43D0016353B /* SceneDelegate.swift */ = {isa = PBXFileReference; lastKnownFileType = sourcecode.swift; path = SceneDelegate.swift; sourceTree = "<group>"; };
		F3699ECB23B1D43D0016353B /* ViewController.swift */ = {isa = PBXFileReference; lastKnownFileType = sourcecode.swift; path = ViewController.swift; sourceTree = "<group>"; };
		F3699ECE23B1D43D0016353B /* Base */ = {isa = PBXFileReference; lastKnownFileType = file.storyboard; name = Base; path = Base.lproj/Main.storyboard; sourceTree = "<group>"; };
		F3699ED123B1D43D0016353B /* SpeakShuffleNumber_Swift.xcdatamodel */ = {isa = PBXFileReference; lastKnownFileType = wrapper.xcdatamodel; path = SpeakShuffleNumber_Swift.xcdatamodel; sourceTree = "<group>"; };
		F3699ED323B1D4400016353B /* Assets.xcassets */ = {isa = PBXFileReference; lastKnownFileType = folder.assetcatalog; path = Assets.xcassets; sourceTree = "<group>"; };
		F3699ED623B1D4400016353B /* Base */ = {isa = PBXFileReference; lastKnownFileType = file.storyboard; name = Base; path = Base.lproj/LaunchScreen.storyboard; sourceTree = "<group>"; };
		F3699ED823B1D4400016353B /* Info.plist */ = {isa = PBXFileReference; lastKnownFileType = text.plist.xml; path = Info.plist; sourceTree = "<group>"; };
/* End PBXFileReference section */

/* Begin PBXFrameworksBuildPhase section */
		F3699EC123B1D43D0016353B /* Frameworks */ = {
			isa = PBXFrameworksBuildPhase;
			buildActionMask = 2147483647;
			files = (
			);
			runOnlyForDeploymentPostprocessing = 0;
		};
/* End PBXFrameworksBuildPhase section */

/* Begin PBXGroup section */
		F3699EBB23B1D43D0016353B = {
			isa = PBXGroup;
			children = (
				F3699EC623B1D43D0016353B /* SpeakShuffleNumber-Swift */,
				F3699EC523B1D43D0016353B /* Products */,
			);
			sourceTree = "<group>";
		};
		F3699EC523B1D43D0016353B /* Products */ = {
			isa = PBXGroup;
			children = (
				F3699EC423B1D43D0016353B /* SpeakShuffleNumber-Swift.app */,
			);
			name = Products;
			sourceTree = "<group>";
		};
		F3699EC623B1D43D0016353B /* SpeakShuffleNumber-Swift */ = {
			isa = PBXGroup;
			children = (
				F3699EC723B1D43D0016353B /* AppDelegate.swift */,
				F3699EC923B1D43D0016353B /* SceneDelegate.swift */,
				F3699ECB23B1D43D0016353B /* ViewController.swift */,
				F3699ECD23B1D43D0016353B /* Main.storyboard */,
				F3699ED323B1D4400016353B /* Assets.xcassets */,
				F3699ED523B1D4400016353B /* LaunchScreen.storyboard */,
				F3699ED823B1D4400016353B /* Info.plist */,
				F3699ED023B1D43D0016353B /* SpeakShuffleNumber_Swift.xcdatamodeld */,
			);
			path = "SpeakShuffleNumber-Swift";
			sourceTree = "<group>";
		};
/* End PBXGroup section */

/* Begin PBXNativeTarget section */
		F3699EC323B1D43D0016353B /* SpeakShuffleNumber-Swift */ = {
			isa = PBXNativeTarget;
			buildConfigurationList = F3699EDB23B1D4400016353B /* Build configuration list for PBXNativeTarget "SpeakShuffleNumber-Swift" */;
			buildPhases = (
				F3699EC023B1D43D0016353B /* Sources */,
				F3699EC123B1D43D0016353B /* Frameworks */,
				F3699EC223B1D43D0016353B /* Resources */,
			);
			buildRules = (
			);
			dependencies = (
			);
			name = "SpeakShuffleNumber-Swift";
			productName = "SpeakShuffleNumber-Swift";
			productReference = F3699EC423B1D43D0016353B /* SpeakShuffleNumber-Swift.app */;
			productType = "com.apple.product-type.application";
		};
/* End PBXNativeTarget section */

/* Begin PBXProject section */
		F3699EBC23B1D43D0016353B /* Project object */ = {
			isa = PBXProject;
			attributes = {
				LastSwiftUpdateCheck = 1110;
				LastUpgradeCheck = 1110;
				ORGANIZATIONNAME = "新納真次郎";
				TargetAttributes = {
					F3699EC323B1D43D0016353B = {
						CreatedOnToolsVersion = 11.1;
					};
				};
			};
			buildConfigurationList = F3699EBF23B1D43D0016353B /* Build configuration list for PBXProject "SpeakShuffleNumber-Swift" */;
			compatibilityVersion = "Xcode 9.3";
			developmentRegion = en;
			hasScannedForEncodings = 0;
			knownRegions = (
				en,
				Base,
			);
			mainGroup = F3699EBB23B1D43D0016353B;
			productRefGroup = F3699EC523B1D43D0016353B /* Products */;
			projectDirPath = "";
			projectRoot = "";
			targets = (
				F3699EC323B1D43D0016353B /* SpeakShuffleNumber-Swift */,
			);
		};
/* End PBXProject section */

/* Begin PBXResourcesBuildPhase section */
		F3699EC223B1D43D0016353B /* Resources */ = {
			isa = PBXResourcesBuildPhase;
			buildActionMask = 2147483647;
			files = (
				F3699ED723B1D4400016353B /* LaunchScreen.storyboard in Resources */,
				F3699ED423B1D4400016353B /* Assets.xcassets in Resources */,
				F3699ECF23B1D43D0016353B /* Main.storyboard in Resources */,
			);
			runOnlyForDeploymentPostprocessing = 0;
		};
/* End PBXResourcesBuildPhase section */

/* Begin PBXSourcesBuildPhase section */
		F3699EC023B1D43D0016353B /* Sources */ = {
			isa = PBXSourcesBuildPhase;
			buildActionMask = 2147483647;
			files = (
				F3699ECC23B1D43D0016353B /* ViewController.swift in Sources */,
				F3699EC823B1D43D0016353B /* AppDelegate.swift in Sources */,
				F3699ECA23B1D43D0016353B /* SceneDelegate.swift in Sources */,
				F3699ED223B1D43D0016353B /* SpeakShuffleNumber_Swift.xcdatamodeld in Sources */,
			);
			runOnlyForDeploymentPostprocessing = 0;
		};
/* End PBXSourcesBuildPhase section */

/* Begin PBXVariantGroup section */
		F3699ECD23B1D43D0016353B /* Main.storyboard */ = {
			isa = PBXVariantGroup;
			children = (
				F3699ECE23B1D43D0016353B /* Base */,
			);
			name = Main.storyboard;
			sourceTree = "<group>";
		};
		F3699ED523B1D4400016353B /* LaunchScreen.storyboard */ = {
			isa = PBXVariantGroup;
			children = (
				F3699ED623B1D4400016353B /* Base */,
			);
			name = LaunchScreen.storyboard;
			sourceTree = "<group>";
		};
/* End PBXVariantGroup section */

/* Begin XCBuildConfiguration section */
		F3699ED923B1D4400016353B /* Debug */ = {
			isa = XCBuildConfiguration;
			buildSettings = {
				ALWAYS_SEARCH_USER_PATHS = NO;
				CLANG_ANALYZER_NONNULL = YES;
				CLANG_ANALYZER_NUMBER_OBJECT_CONVERSION = YES_AGGRESSIVE;
				CLANG_CXX_LANGUAGE_STANDARD = "gnu++14";
				CLANG_CXX_LIBRARY = "libc++";
				CLANG_ENABLE_MODULES = YES;
				CLANG_ENABLE_OBJC_ARC = YES;
				CLANG_ENABLE_OBJC_WEAK = YES;
				CLANG_WARN_BLOCK_CAPTURE_AUTORELEASING = YES;
				CLANG_WARN_BOOL_CONVERSION = YES;
				CLANG_WARN_COMMA = YES;
				CLANG_WARN_CONSTANT_CONVERSION = YES;
				CLANG_WARN_DEPRECATED_OBJC_IMPLEMENTATIONS = YES;
				CLANG_WARN_DIRECT_OBJC_ISA_USAGE = YES_ERROR;
				CLANG_WARN_DOCUMENTATION_COMMENTS = YES;
				CLANG_WARN_EMPTY_BODY = YES;
				CLANG_WARN_ENUM_CONVERSION = YES;
				CLANG_WARN_INFINITE_RECURSION = YES;
				CLANG_WARN_INT_CONVERSION = YES;
				CLANG_WARN_NON_LITERAL_NULL_CONVERSION = YES;
				CLANG_WARN_OBJC_IMPLICIT_RETAIN_SELF = YES;
				CLANG_WARN_OBJC_LITERAL_CONVERSION = YES;
				CLANG_WARN_OBJC_ROOT_CLASS = YES_ERROR;
				CLANG_WARN_RANGE_LOOP_ANALYSIS = YES;
				CLANG_WARN_STRICT_PROTOTYPES = YES;
				CLANG_WARN_SUSPICIOUS_MOVE = YES;
				CLANG_WARN_UNGUARDED_AVAILABILITY = YES_AGGRESSIVE;
				CLANG_WARN_UNREACHABLE_CODE = YES;
				CLANG_WARN__DUPLICATE_METHOD_MATCH = YES;
				COPY_PHASE_STRIP = NO;
				DEBUG_INFORMATION_FORMAT = dwarf;
				ENABLE_STRICT_OBJC_MSGSEND = YES;
				ENABLE_TESTABILITY = YES;
				GCC_C_LANGUAGE_STANDARD = gnu11;
				GCC_DYNAMIC_NO_PIC = NO;
				GCC_NO_COMMON_BLOCKS = YES;
				GCC_OPTIMIZATION_LEVEL = 0;
				GCC_PREPROCESSOR_DEFINITIONS = (
					"DEBUG=1",
					"$(inherited)",
				);
				GCC_WARN_64_TO_32_BIT_CONVERSION = YES;
				GCC_WARN_ABOUT_RETURN_TYPE = YES_ERROR;
				GCC_WARN_UNDECLARED_SELECTOR = YES;
				GCC_WARN_UNINITIALIZED_AUTOS = YES_AGGRESSIVE;
				GCC_WARN_UNUSED_FUNCTION = YES;
				GCC_WARN_UNUSED_VARIABLE = YES;
				IPHONEOS_DEPLOYMENT_TARGET = 13.1;
				MTL_ENABLE_DEBUG_INFO = INCLUDE_SOURCE;
				MTL_FAST_MATH = YES;
				ONLY_ACTIVE_ARCH = YES;
				SDKROOT = iphoneos;
				SWIFT_ACTIVE_COMPILATION_CONDITIONS = DEBUG;
				SWIFT_OPTIMIZATION_LEVEL = "-Onone";
			};
			name = Debug;
		};
		F3699EDA23B1D4400016353B /* Release */ = {
			isa = XCBuildConfiguration;
			buildSettings = {
				ALWAYS_SEARCH_USER_PATHS = NO;
				CLANG_ANALYZER_NONNULL = YES;
				CLANG_ANALYZER_NUMBER_OBJECT_CONVERSION = YES_AGGRESSIVE;
				CLANG_CXX_LANGUAGE_STANDARD = "gnu++14";
				CLANG_CXX_LIBRARY = "libc++";
				CLANG_ENABLE_MODULES = YES;
				CLANG_ENABLE_OBJC_ARC = YES;
				CLANG_ENABLE_OBJC_WEAK = YES;
				CLANG_WARN_BLOCK_CAPTURE_AUTORELEASING = YES;
				CLANG_WARN_BOOL_CONVERSION = YES;
				CLANG_WARN_COMMA = YES;
				CLANG_WARN_CONSTANT_CONVERSION = YES;
				CLANG_WARN_DEPRECATED_OBJC_IMPLEMENTATIONS = YES;
				CLANG_WARN_DIRECT_OBJC_ISA_USAGE = YES_ERROR;
				CLANG_WARN_DOCUMENTATION_COMMENTS = YES;
				CLANG_WARN_EMPTY_BODY = YES;
				CLANG_WARN_ENUM_CONVERSION = YES;
				CLANG_WARN_INFINITE_RECURSION = YES;
				CLANG_WARN_INT_CONVERSION = YES;
				CLANG_WARN_NON_LITERAL_NULL_CONVERSION = YES;
				CLANG_WARN_OBJC_IMPLICIT_RETAIN_SELF = YES;
				CLANG_WARN_OBJC_LITERAL_CONVERSION = YES;
				CLANG_WARN_OBJC_ROOT_CLASS = YES_ERROR;
				CLANG_WARN_RANGE_LOOP_ANALYSIS = YES;
				CLANG_WARN_STRICT_PROTOTYPES = YES;
				CLANG_WARN_SUSPICIOUS_MOVE = YES;
				CLANG_WARN_UNGUARDED_AVAILABILITY = YES_AGGRESSIVE;
				CLANG_WARN_UNREACHABLE_CODE = YES;
				CLANG_WARN__DUPLICATE_METHOD_MATCH = YES;
				COPY_PHASE_STRIP = NO;
				DEBUG_INFORMATION_FORMAT = "dwarf-with-dsym";
				ENABLE_NS_ASSERTIONS = NO;
				ENABLE_STRICT_OBJC_MSGSEND = YES;
				GCC_C_LANGUAGE_STANDARD = gnu11;
				GCC_NO_COMMON_BLOCKS = YES;
				GCC_WARN_64_TO_32_BIT_CONVERSION = YES;
				GCC_WARN_ABOUT_RETURN_TYPE = YES_ERROR;
				GCC_WARN_UNDECLARED_SELECTOR = YES;
				GCC_WARN_UNINITIALIZED_AUTOS = YES_AGGRESSIVE;
				GCC_WARN_UNUSED_FUNCTION = YES;
				GCC_WARN_UNUSED_VARIABLE = YES;
				IPHONEOS_DEPLOYMENT_TARGET = 13.1;
				MTL_ENABLE_DEBUG_INFO = NO;
				MTL_FAST_MATH = YES;
				SDKROOT = iphoneos;
				SWIFT_COMPILATION_MODE = wholemodule;
				SWIFT_OPTIMIZATION_LEVEL = "-O";
				VALIDATE_PRODUCT = YES;
			};
			name = Release;
		};
		F3699EDC23B1D4400016353B /* Debug */ = {
			isa = XCBuildConfiguration;
			buildSettings = {
				ASSETCATALOG_COMPILER_APPICON_NAME = AppIcon;
				CODE_SIGN_STYLE = Automatic;
				DEVELOPMENT_TEAM = T8YPT438X6;
				INFOPLIST_FILE = "SpeakShuffleNumber-Swift/Info.plist";
				LD_RUNPATH_SEARCH_PATHS = (
					"$(inherited)",
					"@executable_path/Frameworks",
				);
				PRODUCT_BUNDLE_IDENTIFIER = "Nakamura-labProject.SpeakShuffleNumber-Swift";
				PRODUCT_NAME = "$(TARGET_NAME)";
				SWIFT_VERSION = 5.0;
				TARGETED_DEVICE_FAMILY = "1,2";
			};
			name = Debug;
		};
		F3699EDD23B1D4400016353B /* Release */ = {
			isa = XCBuildConfiguration;
			buildSettings = {
				ASSETCATALOG_COMPILER_APPICON_NAME = AppIcon;
				CODE_SIGN_STYLE = Automatic;
				DEVELOPMENT_TEAM = T8YPT438X6;
				INFOPLIST_FILE = "SpeakShuffleNumber-Swift/Info.plist";
				LD_RUNPATH_SEARCH_PATHS = (
					"$(inherited)",
					"@executable_path/Frameworks",
				);
				PRODUCT_BUNDLE_IDENTIFIER = "Nakamura-labProject.SpeakShuffleNumber-Swift";
				PRODUCT_NAME = "$(TARGET_NAME)";
				SWIFT_VERSION = 5.0;
				TARGETED_DEVICE_FAMILY = "1,2";
			};
			name = Release;
		};
/* End XCBuildConfiguration section */

/* Begin XCConfigurationList section */
		F3699EBF23B1D43D0016353B /* Build configuration list for PBXProject "SpeakShuffleNumber-Swift" */ = {
			isa = XCConfigurationList;
			buildConfigurations = (
				F3699ED923B1D4400016353B /* Debug */,
				F3699EDA23B1D4400016353B /* Release */,
			);
			defaultConfigurationIsVisible = 0;
			defaultConfigurationName = Release;
		};
		F3699EDB23B1D4400016353B /* Build configuration list for PBXNativeTarget "SpeakShuffleNumber-Swift" */ = {
			isa = XCConfigurationList;
			buildConfigurations = (
				F3699EDC23B1D4400016353B /* Debug */,
				F3699EDD23B1D4400016353B /* Release */,
			);
			defaultConfigurationIsVisible = 0;
			defaultConfigurationName = Release;
		};
/* End XCConfigurationList section */

/* Begin XCVersionGroup section */
		F3699ED023B1D43D0016353B /* SpeakShuffleNumber_Swift.xcdatamodeld */ = {
			isa = XCVersionGroup;
			children = (
				F3699ED123B1D43D0016353B /* SpeakShuffleNumber_Swift.xcdatamodel */,
			);
			currentVersion = F3699ED123B1D43D0016353B /* SpeakShuffleNumber_Swift.xcdatamodel */;
			path = SpeakShuffleNumber_Swift.xcdatamodeld;
			sourceTree = "<group>";
			versionGroupType = wrapper.xcdatamodel;
		};
/* End XCVersionGroup section */
	};
	rootObject = F3699EBC23B1D43D0016353B /* Project object */;
}
